<?xml version="1.0" encoding="utf-8"?>
<Project ToolsVersion="4.0" xmlns="http://schemas.microsoft.com/developer/msbuild/2003">
  <ItemGroup>
    <ClCompile Include="Main.cpp" />
    <ClCompile Include="Camera\Camera.cpp" />
    <ClCompile Include="Fisica\Luci\directional_light.cpp" />
    <ClCompile Include="Fisica\Luci\Luce.cpp" />
    <ClCompile Include="Fisica\Luci\Point_Light.cpp" />
    <ClCompile Include="Fisica\Luci\Spot_Light.cpp" />
    <ClCompile Include="Fisica\Shadows\Shadows.cpp" />
    <ClCompile Include="Mesh\Mesh.cpp" />
    <ClCompile Include="Mesh\MeshLoader.cpp" />
    <ClCompile Include="Model\Model.cpp" />
    <ClCompile Include="Model\ModelLoader.cpp" />
    <ClCompile Include="Scene\Scene.cpp" />
    <ClCompile Include="Scene\SceneList.cpp" />
    <ClCompile Include="Shader\Shader.cpp" />
    <ClCompile Include="Shader\ShaderLoader.cpp" />
    <ClCompile Include="SOIL2\etc1_utils.c" />
    <ClCompile Include="SOIL2\image_DXT.c" />
    <ClCompile Include="SOIL2\image_helper.c" />
    <ClCompile Include="SOIL2\SOIL2.c" />
    <ClCompile Include="Texture\Texture.cpp" />
    <ClCompile Include="Skybox\Skybox.cpp" />
  </ItemGroup>
  <ItemGroup>
    <None Include="glew32.dll" />
    <None Include="assimp-vc140-mt.dll" />
    <None Include="GLSL\cubeMap.frag" />
    <None Include="GLSL\cubeMap.vs" />
    <None Include="GLSL\lamp.frag" />
    <None Include="GLSL\lamp.vs" />
    <None Include="GLSL\lighting.frag" />
    <None Include="GLSL\lighting.vs" />
    <None Include="GLSL\modelLoading.frag" />
    <None Include="GLSL\modelLoading.vs" />
    <None Include="GLSL\shadowShader.frag" />
    <None Include="GLSL\shadowShader.vs" />
  </ItemGroup>
  <ItemGroup>
    <ClInclude Include="Camera\Camera.h" />
    <ClInclude Include="Fisica\Luci\Directional_Light.h" />
    <ClInclude Include="Fisica\Luci\Luce.h" />
    <ClInclude Include="Fisica\Luci\Point_Light.h" />
    <ClInclude Include="Fisica\Luci\Spot_Light.h" />
    <ClInclude Include="Fisica\Shadows\Shadows.h" />
    <ClInclude Include="Mesh\Mesh.h" />
    <ClInclude Include="Mesh\MeshLoader.h" />
    <ClInclude Include="Model\Model.h" />
    <ClInclude Include="Model\ModelLoader.h" />
    <ClInclude Include="Scene\Scene.h" />
    <ClInclude Include="Scene\SceneList.h" />
    <ClInclude Include="Shader\Shader.h" />
    <ClInclude Include="Shader\ShaderLoader.h" />
    <ClInclude Include="SOIL2\etc1_utils.h" />
    <ClInclude Include="SOIL2\image_DXT.h" />
    <ClInclude Include="SOIL2\image_helper.h" />
    <ClInclude Include="SOIL2\jo_jpeg.h" />
    <ClInclude Include="SOIL2\pkm_helper.h" />
    <ClInclude Include="SOIL2\pvr_helper.h" />
    <ClInclude Include="SOIL2\SOIL2.h" />
    <ClInclude Include="SOIL2\stb_image.h" />
    <ClInclude Include="SOIL2\stb_image_write.h" />
    <ClInclude Include="SOIL2\stbi_DDS.h" />
    <ClInclude Include="SOIL2\stbi_DDS_c.h" />
    <ClInclude Include="SOIL2\stbi_ext.h" />
    <ClInclude Include="SOIL2\stbi_ext_c.h" />
    <ClInclude Include="SOIL2\stbi_pkm.h" />
    <ClInclude Include="SOIL2\stbi_pkm_c.h" />
    <ClInclude Include="SOIL2\stbi_pvr.h" />
    <ClInclude Include="SOIL2\stbi_pvr_c.h" />
    <ClInclude Include="Strutture\MeshStruct.h" />
    <ClInclude Include="Texture\Texture.h" />
    <ClInclude Include="Skybox\Skybox.h" />
  </ItemGroup>
</Project>